// !$*UTF8*$!
{
	archiveVersion = 1;
	classes = {
	};
	objectVersion = 46;
	objects = {

/* Begin PBXBuildFile section */
		AA08F6811B2F59FC00F7E9A9 /* AppDelegate.swift in Sources */ = {isa = PBXBuildFile; fileRef = AA08F6801B2F59FC00F7E9A9 /* AppDelegate.swift */; };
		AA08F6831B2F59FC00F7E9A9 /* ViewController.swift in Sources */ = {isa = PBXBuildFile; fileRef = AA08F6821B2F59FC00F7E9A9 /* ViewController.swift */; };
		AA08F6861B2F59FC00F7E9A9 /* Main.storyboard in Resources */ = {isa = PBXBuildFile; fileRef = AA08F6841B2F59FC00F7E9A9 /* Main.storyboard */; };
		AA08F6881B2F59FC00F7E9A9 /* Images.xcassets in Resources */ = {isa = PBXBuildFile; fileRef = AA08F6871B2F59FC00F7E9A9 /* Images.xcassets */; };
		AA08F68B1B2F59FC00F7E9A9 /* LaunchScreen.xib in Resources */ = {isa = PBXBuildFile; fileRef = AA08F6891B2F59FC00F7E9A9 /* LaunchScreen.xib */; };
		AA08F6971B2F59FC00F7E9A9 /* MicroReaderTests.swift in Sources */ = {isa = PBXBuildFile; fileRef = AA08F6961B2F59FC00F7E9A9 /* MicroReaderTests.swift */; };
/* End PBXBuildFile section */

/* Begin PBXContainerItemProxy section */
		AA08F6911B2F59FC00F7E9A9 /* PBXContainerItemProxy */ = {
			isa = PBXContainerItemProxy;
			containerPortal = AA08F6731B2F59FC00F7E9A9 /* Project object */;
			proxyType = 1;
			remoteGlobalIDString = AA08F67A1B2F59FC00F7E9A9;
			remoteInfo = MicroReader;
		};
/* End PBXContainerItemProxy section */

/* Begin PBXFileReference section */
		AA08F67B1B2F59FC00F7E9A9 /* MicroReader.app */ = {isa = PBXFileReference; explicitFileType = wrapper.application; includeInIndex = 0; path = MicroReader.app; sourceTree = BUILT_PRODUCTS_DIR; };
		AA08F67F1B2F59FC00F7E9A9 /* Info.plist */ = {isa = PBXFileReference; lastKnownFileType = text.plist.xml; path = Info.plist; sourceTree = "<group>"; };
		AA08F6801B2F59FC00F7E9A9 /* AppDelegate.swift */ = {isa = PBXFileReference; lastKnownFileType = sourcecode.swift; path = AppDelegate.swift; sourceTree = "<group>"; };
		AA08F6821B2F59FC00F7E9A9 /* ViewController.swift */ = {isa = PBXFileReference; lastKnownFileType = sourcecode.swift; path = ViewController.swift; sourceTree = "<group>"; };
		AA08F6851B2F59FC00F7E9A9 /* Base */ = {isa = PBXFileReference; lastKnownFileType = file.storyboard; name = Base; path = Base.lproj/Main.storyboard; sourceTree = "<group>"; };
		AA08F6871B2F59FC00F7E9A9 /* Images.xcassets */ = {isa = PBXFileReference; lastKnownFileType = folder.assetcatalog; path = Images.xcassets; sourceTree = "<group>"; };
		AA08F68A1B2F59FC00F7E9A9 /* Base */ = {isa = PBXFileReference; lastKnownFileType = file.xib; name = Base; path = Base.lproj/LaunchScreen.xib; sourceTree = "<group>"; };
		AA08F6901B2F59FC00F7E9A9 /* MicroReaderTests.xctest */ = {isa = PBXFileReference; explicitFileType = wrapper.cfbundle; includeInIndex = 0; path = MicroReaderTests.xctest; sourceTree = BUILT_PRODUCTS_DIR; };
		AA08F6951B2F59FC00F7E9A9 /* Info.plist */ = {isa = PBXFileReference; lastKnownFileType = text.plist.xml; path = Info.plist; sourceTree = "<group>"; };
		AA08F6961B2F59FC00F7E9A9 /* MicroReaderTests.swift */ = {isa = PBXFileReference; lastKnownFileType = sourcecode.swift; path = MicroReaderTests.swift; sourceTree = "<group>"; };
/* End PBXFileReference section */

/* Begin PBXFrameworksBuildPhase section */
		AA08F6781B2F59FC00F7E9A9 /* Frameworks */ = {
			isa = PBXFrameworksBuildPhase;
			buildActionMask = 2147483647;
			files = (
			);
			runOnlyForDeploymentPostprocessing = 0;
		};
		AA08F68D1B2F59FC00F7E9A9 /* Frameworks */ = {
			isa = PBXFrameworksBuildPhase;
			buildActionMask = 2147483647;
			files = (
			);
			runOnlyForDeploymentPostprocessing = 0;
		};
/* End PBXFrameworksBuildPhase section */

/* Begin PBXGroup section */
		AA08F6721B2F59FC00F7E9A9 = {
			isa = PBXGroup;
			children = (
				AA08F67D1B2F59FC00F7E9A9 /* MicroReader */,
				AA08F6931B2F59FC00F7E9A9 /* MicroReaderTests */,
				AA08F67C1B2F59FC00F7E9A9 /* Products */,
			);
			sourceTree = "<group>";
		};
		AA08F67C1B2F59FC00F7E9A9 /* Products */ = {
			isa = PBXGroup;
			children = (
				AA08F67B1B2F59FC00F7E9A9 /* MicroReader.app */,
				AA08F6901B2F59FC00F7E9A9 /* MicroReaderTests.xctest */,
			);
			name = Products;
			sourceTree = "<group>";
		};
		AA08F67D1B2F59FC00F7E9A9 /* MicroReader */ = {
			isa = PBXGroup;
			children = (
				AA08F6801B2F59FC00F7E9A9 /* AppDelegate.swift */,
				AA08F6821B2F59FC00F7E9A9 /* ViewController.swift */,
				AA08F6841B2F59FC00F7E9A9 /* Main.storyboard */,
				AA08F6871B2F59FC00F7E9A9 /* Images.xcassets */,
				AA08F6891B2F59FC00F7E9A9 /* LaunchScreen.xib */,
				AA08F67E1B2F59FC00F7E9A9 /* Supporting Files */,
			);
			path = MicroReader;
			sourceTree = "<group>";
		};
		AA08F67E1B2F59FC00F7E9A9 /* Supporting Files */ = {
			isa = PBXGroup;
			children = (
				AA08F67F1B2F59FC00F7E9A9 /* Info.plist */,
			);
			name = "Supporting Files";
			sourceTree = "<group>";
		};
		AA08F6931B2F59FC00F7E9A9 /* MicroReaderTests */ = {
			isa = PBXGroup;
			children = (
				AA08F6961B2F59FC00F7E9A9 /* MicroReaderTests.swift */,
				AA08F6941B2F59FC00F7E9A9 /* Supporting Files */,
			);
			path = MicroReaderTests;
			sourceTree = "<group>";
		};
		AA08F6941B2F59FC00F7E9A9 /* Supporting Files */ = {
			isa = PBXGroup;
			children = (
				AA08F6951B2F59FC00F7E9A9 /* Info.plist */,
			);
			name = "Supporting Files";
			sourceTree = "<group>";
		};
/* End PBXGroup section */

/* Begin PBXNativeTarget section */
		AA08F67A1B2F59FC00F7E9A9 /* MicroReader */ = {
			isa = PBXNativeTarget;
			buildConfigurationList = AA08F69A1B2F59FC00F7E9A9 /* Build configuration list for PBXNativeTarget "MicroReader" */;
			buildPhases = (
				AA08F6771B2F59FC00F7E9A9 /* Sources */,
				AA08F6781B2F59FC00F7E9A9 /* Frameworks */,
				AA08F6791B2F59FC00F7E9A9 /* Resources */,
			);
			buildRules = (
			);
			dependencies = (
			);
			name = MicroReader;
			productName = MicroReader;
			productReference = AA08F67B1B2F59FC00F7E9A9 /* MicroReader.app */;
			productType = "com.apple.product-type.application";
		};
		AA08F68F1B2F59FC00F7E9A9 /* MicroReaderTests */ = {
			isa = PBXNativeTarget;
			buildConfigurationList = AA08F69D1B2F59FC00F7E9A9 /* Build configuration list for PBXNativeTarget "MicroReaderTests" */;
			buildPhases = (
				AA08F68C1B2F59FC00F7E9A9 /* Sources */,
				AA08F68D1B2F59FC00F7E9A9 /* Frameworks */,
				AA08F68E1B2F59FC00F7E9A9 /* Resources */,
			);
			buildRules = (
			);
			dependencies = (
				AA08F6921B2F59FC00F7E9A9 /* PBXTargetDependency */,
			);
			name = MicroReaderTests;
			productName = MicroReaderTests;
			productReference = AA08F6901B2F59FC00F7E9A9 /* MicroReaderTests.xctest */;
			productType = "com.apple.product-type.bundle.unit-test";
		};
/* End PBXNativeTarget section */

/* Begin PBXProject section */
		AA08F6731B2F59FC00F7E9A9 /* Project object */ = {
			isa = PBXProject;
			attributes = {
				LastUpgradeCheck = 0630;
				ORGANIZATIONNAME = "Christian De Martino";
				TargetAttributes = {
					AA08F67A1B2F59FC00F7E9A9 = {
						CreatedOnToolsVersion = 6.3.2;
					};
					AA08F68F1B2F59FC00F7E9A9 = {
						CreatedOnToolsVersion = 6.3.2;
						TestTargetID = AA08F67A1B2F59FC00F7E9A9;
					};
				};
			};
			buildConfigurationList = AA08F6761B2F59FC00F7E9A9 /* Build configuration list for PBXProject "MicroReader" */;
			compatibilityVersion = "Xcode 3.2";
			developmentRegion = English;
			hasScannedForEncodings = 0;
			knownRegions = (
				en,
				Base,
			);
			mainGroup = AA08F6721B2F59FC00F7E9A9;
			productRefGroup = AA08F67C1B2F59FC00F7E9A9 /* Products */;
			projectDirPath = "";
			projectRoot = "";
			targets = (
				AA08F67A1B2F59FC00F7E9A9 /* MicroReader */,
				AA08F68F1B2F59FC00F7E9A9 /* MicroReaderTests */,
			);
		};
/* End PBXProject section */

/* Begin PBXResourcesBuildPhase section */
		AA08F6791B2F59FC00F7E9A9 /* Resources */ = {
			isa = PBXResourcesBuildPhase;
			buildActionMask = 2147483647;
			files = (
				AA08F6861B2F59FC00F7E9A9 /* Main.storyboard in Resources */,
				AA08F68B1B2F59FC00F7E9A9 /* LaunchScreen.xib in Resources */,
				AA08F6881B2F59FC00F7E9A9 /* Images.xcassets in Resources */,
			);
			runOnlyForDeploymentPostprocessing = 0;
		};
		AA08F68E1B2F59FC00F7E9A9 /* Resources */ = {
			isa = PBXResourcesBuildPhase;
			buildActionMask = 2147483647;
			files = (
			);
			runOnlyForDeploymentPostprocessing = 0;
		};
/* End PBXResourcesBuildPhase section */

/* Begin PBXSourcesBuildPhase section */
		AA08F6771B2F59FC00F7E9A9 /* Sources */ = {
			isa = PBXSourcesBuildPhase;
			buildActionMask = 2147483647;
			files = (
				AA08F6831B2F59FC00F7E9A9 /* ViewController.swift in Sources */,
				AA08F6811B2F59FC00F7E9A9 /* AppDelegate.swift in Sources */,
			);
			runOnlyForDeploymentPostprocessing = 0;
		};
		AA08F68C1B2F59FC00F7E9A9 /* Sources */ = {
			isa = PBXSourcesBuildPhase;
			buildActionMask = 2147483647;
			files = (
				AA08F6971B2F59FC00F7E9A9 /* MicroReaderTests.swift in Sources */,
			);
			runOnlyForDeploymentPostprocessing = 0;
		};
/* End PBXSourcesBuildPhase section */

/* Begin PBXTargetDependency section */
		AA08F6921B2F59FC00F7E9A9 /* PBXTargetDependency */ = {
			isa = PBXTargetDependency;
			target = AA08F67A1B2F59FC00F7E9A9 /* MicroReader */;
			targetProxy = AA08F6911B2F59FC00F7E9A9 /* PBXContainerItemProxy */;
		};
/* End PBXTargetDependency section */

/* Begin PBXVariantGroup section */
		AA08F6841B2F59FC00F7E9A9 /* Main.storyboard */ = {
			isa = PBXVariantGroup;
			children = (
				AA08F6851B2F59FC00F7E9A9 /* Base */,
			);
			name = Main.storyboard;
			sourceTree = "<group>";
		};
		AA08F6891B2F59FC00F7E9A9 /* LaunchScreen.xib */ = {
			isa = PBXVariantGroup;
			children = (
				AA08F68A1B2F59FC00F7E9A9 /* Base */,
			);
			name = LaunchScreen.xib;
			sourceTree = "<group>";
		};
/* End PBXVariantGroup section */

/* Begin XCBuildConfiguration section */
		AA08F6981B2F59FC00F7E9A9 /* Debug */ = {
			isa = XCBuildConfiguration;
			buildSettings = {
				ALWAYS_SEARCH_USER_PATHS = NO;
				CLANG_CXX_LANGUAGE_STANDARD = "gnu++0x";
				CLANG_CXX_LIBRARY = "libc++";
				CLANG_ENABLE_MODULES = YES;
				CLANG_ENABLE_OBJC_ARC = YES;
				CLANG_WARN_BOOL_CONVERSION = YES;
				CLANG_WARN_CONSTANT_CONVERSION = YES;
				CLANG_WARN_DIRECT_OBJC_ISA_USAGE = YES_ERROR;
				CLANG_WARN_EMPTY_BODY = YES;
				CLANG_WARN_ENUM_CONVERSION = YES;
				CLANG_WARN_INT_CONVERSION = YES;
				CLANG_WARN_OBJC_ROOT_CLASS = YES_ERROR;
				CLANG_WARN_UNREACHABLE_CODE = YES;
				CLANG_WARN__DUPLICATE_METHOD_MATCH = YES;
				"CODE_SIGN_IDENTITY[sdk=iphoneos*]" = "iPhone Developer";
				COPY_PHASE_STRIP = NO;
				DEBUG_INFORMATION_FORMAT = "dwarf-with-dsym";
				ENABLE_STRICT_OBJC_MSGSEND = YES;
				GCC_C_LANGUAGE_STANDARD = gnu99;
				GCC_DYNAMIC_NO_PIC = NO;
				GCC_NO_COMMON_BLOCKS = YES;
				GCC_OPTIMIZATION_LEVEL = 0;
				GCC_PREPROCESSOR_DEFINITIONS = (
					"DEBUG=1",
					"$(inherited)",
				);
				GCC_SYMBOLS_PRIVATE_EXTERN = NO;
				GCC_WARN_64_TO_32_BIT_CONVERSION = YES;
				GCC_WARN_ABOUT_RETURN_TYPE = YES_ERROR;
				GCC_WARN_UNDECLARED_SELECTOR = YES;
				GCC_WARN_UNINITIALIZED_AUTOS = YES_AGGRESSIVE;
				GCC_WARN_UNUSED_FUNCTION = YES;
				GCC_WARN_UNUSED_VARIABLE = YES;
				IPHONEOS_DEPLOYMENT_TARGET = 8.3;
				MTL_ENABLE_DEBUG_INFO = YES;
				ONLY_ACTIVE_ARCH = YES;
				SDKROOT = iphoneos;
				SWIFT_OPTIMIZATION_LEVEL = "-Onone";
				TARGETED_DEVICE_FAMILY = "1,2";
			};
			name = Debug;
		};
		AA08F6991B2F59FC00F7E9A9 /* Release */ = {
			isa = XCBuildConfiguration;
			buildSettings = {
				ALWAYS_SEARCH_USER_PATHS = NO;
				CLANG_CXX_LANGUAGE_STANDARD = "gnu++0x";
				CLANG_CXX_LIBRARY = "libc++";
				CLANG_ENABLE_MODULES = YES;
				CLANG_ENABLE_OBJC_ARC = YES;
				CLANG_WARN_BOOL_CONVERSION = YES;
				CLANG_WARN_CONSTANT_CONVERSION = YES;
				CLANG_WARN_DIRECT_OBJC_ISA_USAGE = YES_ERROR;
				CLANG_WARN_EMPTY_BODY = YES;
				CLANG_WARN_ENUM_CONVERSION = YES;
				CLANG_WARN_INT_CONVERSION = YES;
				CLANG_WARN_OBJC_ROOT_CLASS = YES_ERROR;
				CLANG_WARN_UNREACHABLE_CODE = YES;
				CLANG_WARN__DUPLICATE_METHOD_MATCH = YES;
				"CODE_SIGN_IDENTITY[sdk=iphoneos*]" = "iPhone Developer";
				COPY_PHASE_STRIP = NO;
				DEBUG_INFORMATION_FORMAT = "dwarf-with-dsym";
				ENABLE_NS_ASSERTIONS = NO;
				ENABLE_STRICT_OBJC_MSGSEND = YES;
				GCC_C_LANGUAGE_STANDARD = gnu99;
				GCC_NO_COMMON_BLOCKS = YES;
				GCC_WARN_64_TO_32_BIT_CONVERSION = YES;
				GCC_WARN_ABOUT_RETURN_TYPE = YES_ERROR;
				GCC_WARN_UNDECLARED_SELECTOR = YES;
				GCC_WARN_UNINITIALIZED_AUTOS = YES_AGGRESSIVE;
				GCC_WARN_UNUSED_FUNCTION = YES;
				GCC_WARN_UNUSED_VARIABLE = YES;
				IPHONEOS_DEPLOYMENT_TARGET = 8.3;
				MTL_ENABLE_DEBUG_INFO = NO;
				SDKROOT = iphoneos;
				TARGETED_DEVICE_FAMILY = "1,2";
				VALIDATE_PRODUCT = YES;
			};
			name = Release;
		};
		AA08F69B1B2F59FC00F7E9A9 /* Debug */ = {
			isa = XCBuildConfiguration;
			buildSettings = {
				ASSETCATALOG_COMPILER_APPICON_NAME = AppIcon;
				INFOPLIST_FILE = MicroReader/Info.plist;
				LD_RUNPATH_SEARCH_PATHS = "$(inherited) @executable_path/Frameworks";
				PRODUCT_NAME = "$(TARGET_NAME)";
			};
			name = Debug;
		};
		AA08F69C1B2F59FC00F7E9A9 /* Release */ = {
			isa = XCBuildConfiguration;
			buildSettings = {
				ASSETCATALOG_COMPILER_APPICON_NAME = AppIcon;
				INFOPLIST_FILE = MicroReader/Info.plist;
				LD_RUNPATH_SEARCH_PATHS = "$(inherited) @executable_path/Frameworks";
				PRODUCT_NAME = "$(TARGET_NAME)";
			};
			name = Release;
		};
		AA08F69E1B2F59FC00F7E9A9 /* Debug */ = {
			isa = XCBuildConfiguration;
			buildSettings = {
				BUNDLE_LOADER = "$(TEST_HOST)";
				FRAMEWORK_SEARCH_PATHS = (
					"$(SDKROOT)/Developer/Library/Frameworks",
					"$(inherited)",
				);
				GCC_PREPROCESSOR_DEFINITIONS = (
					"DEBUG=1",
					"$(inherited)",
				);
				INFOPLIST_FILE = MicroReaderTests/Info.plist;
				LD_RUNPATH_SEARCH_PATHS = "$(inherited) @executable_path/Frameworks @loader_path/Frameworks";
				PRODUCT_NAME = "$(TARGET_NAME)";
				TEST_HOST = "$(BUILT_PRODUCTS_DIR)/MicroReader.app/MicroReader";
			};
			name = Debug;
		};
		AA08F69F1B2F59FC00F7E9A9 /* Release */ = {
			isa = XCBuildConfiguration;
			buildSettings = {
				BUNDLE_LOADER = "$(TEST_HOST)";
				FRAMEWORK_SEARCH_PATHS = (
					"$(SDKROOT)/Developer/Library/Frameworks",
					"$(inherited)",
				);
				INFOPLIST_FILE = MicroReaderTests/Info.plist;
				LD_RUNPATH_SEARCH_PATHS = "$(inherited) @executable_path/Frameworks @loader_path/Frameworks";
				PRODUCT_NAME = "$(TARGET_NAME)";
				TEST_HOST = "$(BUILT_PRODUCTS_DIR)/MicroReader.app/MicroReader";
			};
			name = Release;
		};
/* End XCBuildConfiguration section */

/* Begin XCConfigurationList section */
		AA08F6761B2F59FC00F7E9A9 /* Build configuration list for PBXProject "MicroReader" */ = {
			isa = XCConfigurationList;
			buildConfigurations = (
				AA08F6981B2F59FC00F7E9A9 /* Debug */,
				AA08F6991B2F59FC00F7E9A9 /* Release */,
			);
			defaultConfigurationIsVisible = 0;
			defaultConfigurationName = Release;
		};
		AA08F69A1B2F59FC00F7E9A9 /* Build configuration list for PBXNativeTarget "MicroReader" */ = {
			isa = XCConfigurationList;
			buildConfigurations = (
				AA08F69B1B2F59FC00F7E9A9 /* Debug */,
				AA08F69C1B2F59FC00F7E9A9 /* Release */,
			);
			defaultConfigurationIsVisible = 0;
		};
		AA08F69D1B2F59FC00F7E9A9 /* Build configuration list for PBXNativeTarget "MicroReaderTests" */ = {
			isa = XCConfigurationList;
			buildConfigurations = (
				AA08F69E1B2F59FC00F7E9A9 /* Debug */,
				AA08F69F1B2F59FC00F7E9A9 /* Release */,
			);
			defaultConfigurationIsVisible = 0;
		};
/* End XCConfigurationList section */
	};
	rootObject = AA08F6731B2F59FC00F7E9A9 /* Project object */;
}
